github.com/istancescu/int160-go-rd v0.0.1 h1:eMR2NPPqCCLmnMWCs/4p8VZRZJNtDkHMEa/aWoGchqk=
github.com/istancescu/int160-go-rd v0.0.1/go.mod h1:PsPcyvMz41g+aiS1Oq5+VmEud9/c6SRuIi37KeLRJwQ=
github.com/istancescu/int160-go-rd v1.0.0 h1:JBDrp48vHUzTj77ah1jkvIvBkMEGsA9UY7TCwqLhsvE=
github.com/istancescu/int160-go-rd v1.0.0/go.mod h1:lv1b7IT/LgyCpNMa8L76eDC+//wFfa+sFOBhLgVegaM=
github.com/istancescu/int160-go-rd v1.0.1 h1:Bfqi/h3JRNmZSbPDx/Hc7J/KaYv67F60n6CQ61FKJzo=
github.com/istancescu/int160-go-rd v1.0.1/go.mod h1:PsPcyvMz41g+aiS1Oq5+VmEud9/c6SRuIi37KeLRJwQ=
